
Microsoft Visual Studio Solution File, Format Version 12.00
# Visual Studio 15
VisualStudioVersion = 15.0.28307.168
MinimumVisualStudioVersion = 10.0.40219.1
Project("{FAE04EC0-301F-11D3-BF4B-00C04F79EFBC}") = "CarApp", "CarApp\CarApp.csproj", "{7DCA8D02-A530-4524-B547-357E9D7B99C1}"
EndProject
Global
	GlobalSection(SolutionConfigurationPlatforms) = preSolution
		Debug|Any CPU = Debug|Any CPU
		Release|Any CPU = Release|Any CPU
	EndGlobalSection
	GlobalSection(ProjectConfigurationPlatforms) = postSolution
		{7DCA8D02-A530-4524-B547-357E9D7B99C1}.Debug|Any CPU.ActiveCfg = Debug|Any CPU
		{7DCA8D02-A530-4524-B547-357E9D7B99C1}.Debug|Any CPU.Build.0 = Debug|Any CPU
		{7DCA8D02-A530-4524-B547-357E9D7B99C1}.Release|Any CPU.ActiveCfg = Release|Any CPU
		{7DCA8D02-A530-4524-B547-357E9D7B99C1}.Release|Any CPU.Build.0 = Release|Any CPU
	EndGlobalSection
	GlobalSection(SolutionProperties) = preSolution
		HideSolutionNode = FALSE
	EndGlobalSection
	GlobalSection(ExtensibilityGlobals) = postSolution
		SolutionGuid = {5550B0BE-DD8F-45C1-947B-0334353377A6}
	EndGlobalSection
EndGlobal
